
Microsoft Visual Studio Solution File, Format Version 12.00
# Visual Studio Version 16
VisualStudioVersion = 16.0.31613.86
MinimumVisualStudioVersion = 10.0.40219.1
Project("{FAE04EC0-301F-11D3-BF4B-00C04F79EFBC}") = "software_OnlyPans", "software_OnlyPans\software_OnlyPans.csproj", "{543D35D5-369A-461D-A354-E7ABDB6FDB2E}"
EndProject
Global
	GlobalSection(SolutionConfigurationPlatforms) = preSolution
		Debug|Any CPU = Debug|Any CPU
		Release|Any CPU = Release|Any CPU
	EndGlobalSection
	GlobalSection(ProjectConfigurationPlatforms) = postSolution
		{543D35D5-369A-461D-A354-E7ABDB6FDB2E}.Debug|Any CPU.ActiveCfg = Debug|Any CPU
		{543D35D5-369A-461D-A354-E7ABDB6FDB2E}.Debug|Any CPU.Build.0 = Debug|Any CPU
		{543D35D5-369A-461D-A354-E7ABDB6FDB2E}.Release|Any CPU.ActiveCfg = Release|Any CPU
		{543D35D5-369A-461D-A354-E7ABDB6FDB2E}.Release|Any CPU.Build.0 = Release|Any CPU
	EndGlobalSection
	GlobalSection(SolutionProperties) = preSolution
		HideSolutionNode = FALSE
	EndGlobalSection
	GlobalSection(ExtensibilityGlobals) = postSolution
		SolutionGuid = {3C32E8B6-BCF5-406A-9491-F2F6CFE818DC}
	EndGlobalSection
EndGlobal
